
Microsoft Visual Studio Solution File, Format Version 12.00
# Visual Studio 15
VisualStudioVersion = 15.0.27130.2024
MinimumVisualStudioVersion = 10.0.40219.1
Project("{8BC9CEB8-8B4A-11D0-8D11-00A0C91BC942}") = "CIS2013_Week11_Homework1", "CIS2013_Week11_Homework1\CIS2013_Week11_Homework1.vcxproj", "{EFDA1DEB-0D07-4EBE-9B43-8833154C4407}"
EndProject
Global
	GlobalSection(SolutionConfigurationPlatforms) = preSolution
		Debug|x64 = Debug|x64
		Debug|x86 = Debug|x86
		Release|x64 = Release|x64
		Release|x86 = Release|x86
	EndGlobalSection
	GlobalSection(ProjectConfigurationPlatforms) = postSolution
		{EFDA1DEB-0D07-4EBE-9B43-8833154C4407}.Debug|x64.ActiveCfg = Debug|x64
		{EFDA1DEB-0D07-4EBE-9B43-8833154C4407}.Debug|x64.Build.0 = Debug|x64
		{EFDA1DEB-0D07-4EBE-9B43-8833154C4407}.Debug|x86.ActiveCfg = Debug|Win32
		{EFDA1DEB-0D07-4EBE-9B43-8833154C4407}.Debug|x86.Build.0 = Debug|Win32
		{EFDA1DEB-0D07-4EBE-9B43-8833154C4407}.Release|x64.ActiveCfg = Release|x64
		{EFDA1DEB-0D07-4EBE-9B43-8833154C4407}.Release|x64.Build.0 = Release|x64
		{EFDA1DEB-0D07-4EBE-9B43-8833154C4407}.Release|x86.ActiveCfg = Release|Win32
		{EFDA1DEB-0D07-4EBE-9B43-8833154C4407}.Release|x86.Build.0 = Release|Win32
	EndGlobalSection
	GlobalSection(SolutionProperties) = preSolution
		HideSolutionNode = FALSE
	EndGlobalSection
	GlobalSection(ExtensibilityGlobals) = postSolution
		SolutionGuid = {6DCDC674-4A72-429E-B294-5181410D1B07}
	EndGlobalSection
EndGlobal
